
Microsoft Visual Studio Solution File, Format Version 12.00
# Visual Studio Version 16
VisualStudioVersion = 16.0.30011.22
MinimumVisualStudioVersion = 10.0.40219.1
Project("{FAE04EC0-301F-11D3-BF4B-00C04F79EFBC}") = "SzantoBenjaminTab", "SzantoBenjaminTab\SzantoBenjaminTab.csproj", "{03C42DD5-253E-4E3A-9CB8-C4E865BBF51C}"
EndProject
Global
	GlobalSection(SolutionConfigurationPlatforms) = preSolution
		Debug|Any CPU = Debug|Any CPU
		Release|Any CPU = Release|Any CPU
	EndGlobalSection
	GlobalSection(ProjectConfigurationPlatforms) = postSolution
		{03C42DD5-253E-4E3A-9CB8-C4E865BBF51C}.Debug|Any CPU.ActiveCfg = Debug|Any CPU
		{03C42DD5-253E-4E3A-9CB8-C4E865BBF51C}.Debug|Any CPU.Build.0 = Debug|Any CPU
		{03C42DD5-253E-4E3A-9CB8-C4E865BBF51C}.Release|Any CPU.ActiveCfg = Release|Any CPU
		{03C42DD5-253E-4E3A-9CB8-C4E865BBF51C}.Release|Any CPU.Build.0 = Release|Any CPU
	EndGlobalSection
	GlobalSection(SolutionProperties) = preSolution
		HideSolutionNode = FALSE
	EndGlobalSection
	GlobalSection(ExtensibilityGlobals) = postSolution
		SolutionGuid = {374DAB7C-73D1-4E09-9585-3576E9C57043}
	EndGlobalSection
EndGlobal
